
Microsoft Visual Studio Solution File, Format Version 12.00
# Visual Studio Version 16
VisualStudioVersion = 16.0.30611.23
MinimumVisualStudioVersion = 10.0.40219.1
Project("{FAE04EC0-301F-11D3-BF4B-00C04F79EFBC}") = "SueGui.Core", "SueGui.Core\SueGui.Core.csproj", "{992A39E0-13CA-42A7-B7E3-38A99881772E}"
EndProject
Project("{FAE04EC0-301F-11D3-BF4B-00C04F79EFBC}") = "SueGui.WpfApp", "SueGui.WpfApp\SueGui.WpfApp.csproj", "{792DB20D-2D4B-49C5-B1D1-C04C952921B4}"
EndProject
Global
	GlobalSection(SolutionConfigurationPlatforms) = preSolution
		Debug|Any CPU = Debug|Any CPU
		Release|Any CPU = Release|Any CPU
	EndGlobalSection
	GlobalSection(ProjectConfigurationPlatforms) = postSolution
		{992A39E0-13CA-42A7-B7E3-38A99881772E}.Debug|Any CPU.ActiveCfg = Debug|Any CPU
		{992A39E0-13CA-42A7-B7E3-38A99881772E}.Debug|Any CPU.Build.0 = Debug|Any CPU
		{992A39E0-13CA-42A7-B7E3-38A99881772E}.Release|Any CPU.ActiveCfg = Release|Any CPU
		{992A39E0-13CA-42A7-B7E3-38A99881772E}.Release|Any CPU.Build.0 = Release|Any CPU
		{792DB20D-2D4B-49C5-B1D1-C04C952921B4}.Debug|Any CPU.ActiveCfg = Debug|Any CPU
		{792DB20D-2D4B-49C5-B1D1-C04C952921B4}.Debug|Any CPU.Build.0 = Debug|Any CPU
		{792DB20D-2D4B-49C5-B1D1-C04C952921B4}.Release|Any CPU.ActiveCfg = Release|Any CPU
		{792DB20D-2D4B-49C5-B1D1-C04C952921B4}.Release|Any CPU.Build.0 = Release|Any CPU
	EndGlobalSection
	GlobalSection(SolutionProperties) = preSolution
		HideSolutionNode = FALSE
	EndGlobalSection
	GlobalSection(ExtensibilityGlobals) = postSolution
		SolutionGuid = {333222ED-0AA6-49B9-B7FD-33BC59CBCA79}
	EndGlobalSection
EndGlobal
